
Microsoft Visual Studio Solution File, Format Version 12.00
# Visual Studio 15
VisualStudioVersion = 15.0.27004.2002
MinimumVisualStudioVersion = 10.0.40219.1
Project("{FAE04EC0-301F-11D3-BF4B-00C04F79EFBC}") = "SodukuSolver", "SodukuSolver\SodukuSolver.csproj", "{46560EAF-7DBF-4052-BF61-4A8EF8438A0E}"
EndProject
Global
	GlobalSection(SolutionConfigurationPlatforms) = preSolution
		Debug|Any CPU = Debug|Any CPU
		Release|Any CPU = Release|Any CPU
	EndGlobalSection
	GlobalSection(ProjectConfigurationPlatforms) = postSolution
		{46560EAF-7DBF-4052-BF61-4A8EF8438A0E}.Debug|Any CPU.ActiveCfg = Debug|Any CPU
		{46560EAF-7DBF-4052-BF61-4A8EF8438A0E}.Debug|Any CPU.Build.0 = Debug|Any CPU
		{46560EAF-7DBF-4052-BF61-4A8EF8438A0E}.Release|Any CPU.ActiveCfg = Release|Any CPU
		{46560EAF-7DBF-4052-BF61-4A8EF8438A0E}.Release|Any CPU.Build.0 = Release|Any CPU
	EndGlobalSection
	GlobalSection(SolutionProperties) = preSolution
		HideSolutionNode = FALSE
	EndGlobalSection
	GlobalSection(ExtensibilityGlobals) = postSolution
		SolutionGuid = {ACEBE3DB-F76D-4D30-8400-0915A8C4EDDC}
	EndGlobalSection
EndGlobal
